Terraform used the selected providers to generate the following execution plan. Resource actions are indicated with the following symbols:
  + create

Terraform will perform the following actions:

  # yandex_compute_instance.vpc[0] will be created
  + resource "yandex_compute_instance" "vpc" {
      + created_at                = (known after apply)
      + folder_id                 = (known after apply)
      + fqdn                      = (known after apply)
      + hostname                  = "vpc-1.ru-central1.internal"
      + id                        = (known after apply)
      + metadata                  = {
          + "user-data" = <<-EOT
                #cloud-config
                users:
                  - name: au000846
                    groups: sudo
                    shell: /bin/bash
                    sudo: ['ALL=(ALL) NOPASSWD:ALL']
                    ssh_authorized_keys:
                      - ssh-ed25519 AAAAC3NzaC1lZDI1NTE5AAAAIIsu5UXbJgGpJyz8ogXK4AzEZEGT0VVZX17D/9LF127y au000846@terraform.ru-central1.internal
            EOT
        }
      + name                      = "vpc-1"
      + network_acceleration_type = "standard"
      + platform_id               = "standard-v1"
      + service_account_id        = (known after apply)
      + status                    = (known after apply)
      + zone                      = "ru-central1-a"

      + boot_disk {
          + auto_delete = true
          + device_name = (known after apply)
          + disk_id     = (known after apply)
          + mode        = (known after apply)

          + initialize_params {
              + description = (known after apply)
              + image_id    = "fd8jvcoeij6u9se84dt5"
              + name        = (known after apply)
              + size        = 10
              + snapshot_id = (known after apply)
              + type        = "network-hdd"
            }
        }

      + network_interface {
          + index              = (known after apply)
          + ip_address         = (known after apply)
          + ipv4               = true
          + ipv6               = (known after apply)
          + ipv6_address       = (known after apply)
          + mac_address        = (known after apply)
          + nat                = true
          + nat_ip_address     = (known after apply)
          + nat_ip_version     = (known after apply)
          + security_group_ids = (known after apply)
          + subnet_id          = (known after apply)
        }

      + resources {
          + core_fraction = 100
          + cores         = 2
          + memory        = 2
        }
    }

  # yandex_compute_instance.vpc[1] will be created
  + resource "yandex_compute_instance" "vpc" {
      + created_at                = (known after apply)
      + folder_id                 = (known after apply)
      + fqdn                      = (known after apply)
      + hostname                  = "vpc-2.ru-central1.internal"
      + id                        = (known after apply)
      + metadata                  = {
          + "user-data" = <<-EOT
                #cloud-config
                users:
                  - name: au000846
                    groups: sudo
                    shell: /bin/bash
                    sudo: ['ALL=(ALL) NOPASSWD:ALL']
                    ssh_authorized_keys:
                      - ssh-ed25519 AAAAC3NzaC1lZDI1NTE5AAAAIIsu5UXbJgGpJyz8ogXK4AzEZEGT0VVZX17D/9LF127y au000846@terraform.ru-central1.internal
            EOT
        }
      + name                      = "vpc-2"
      + network_acceleration_type = "standard"
      + platform_id               = "standard-v1"
      + service_account_id        = (known after apply)
      + status                    = (known after apply)
      + zone                      = "ru-central1-a"

      + boot_disk {
          + auto_delete = true
          + device_name = (known after apply)
          + disk_id     = (known after apply)
          + mode        = (known after apply)

          + initialize_params {
              + description = (known after apply)
              + image_id    = "fd8jvcoeij6u9se84dt5"
              + name        = (known after apply)
              + size        = 10
              + snapshot_id = (known after apply)
              + type        = "network-hdd"
            }
        }

      + network_interface {
          + index              = (known after apply)
          + ip_address         = (known after apply)
          + ipv4               = true
          + ipv6               = (known after apply)
          + ipv6_address       = (known after apply)
          + mac_address        = (known after apply)
          + nat                = true
          + nat_ip_address     = (known after apply)
          + nat_ip_version     = (known after apply)
          + security_group_ids = (known after apply)
          + subnet_id          = (known after apply)
        }

      + resources {
          + core_fraction = 100
          + cores         = 2
          + memory        = 2
        }
    }

  # yandex_compute_instance.vpc[2] will be created
  + resource "yandex_compute_instance" "vpc" {
      + created_at                = (known after apply)
      + folder_id                 = (known after apply)
      + fqdn                      = (known after apply)
      + hostname                  = "vpc-3.ru-central1.internal"
      + id                        = (known after apply)
      + metadata                  = {
          + "user-data" = <<-EOT
                #cloud-config
                users:
                  - name: au000846
                    groups: sudo
                    shell: /bin/bash
                    sudo: ['ALL=(ALL) NOPASSWD:ALL']
                    ssh_authorized_keys:
                      - ssh-ed25519 AAAAC3NzaC1lZDI1NTE5AAAAIIsu5UXbJgGpJyz8ogXK4AzEZEGT0VVZX17D/9LF127y au000846@terraform.ru-central1.internal
            EOT
        }
      + name                      = "vpc-3"
      + network_acceleration_type = "standard"
      + platform_id               = "standard-v1"
      + service_account_id        = (known after apply)
      + status                    = (known after apply)
      + zone                      = "ru-central1-a"

      + boot_disk {
          + auto_delete = true
          + device_name = (known after apply)
          + disk_id     = (known after apply)
          + mode        = (known after apply)

          + initialize_params {
              + description = (known after apply)
              + image_id    = "fd8jvcoeij6u9se84dt5"
              + name        = (known after apply)
              + size        = 10
              + snapshot_id = (known after apply)
              + type        = "network-hdd"
            }
        }

      + network_interface {
          + index              = (known after apply)
          + ip_address         = (known after apply)
          + ipv4               = true
          + ipv6               = (known after apply)
          + ipv6_address       = (known after apply)
          + mac_address        = (known after apply)
          + nat                = true
          + nat_ip_address     = (known after apply)
          + nat_ip_version     = (known after apply)
          + security_group_ids = (known after apply)
          + subnet_id          = (known after apply)
        }

      + resources {
          + core_fraction = 100
          + cores         = 2
          + memory        = 2
        }
    }

  # yandex_iam_service_account.sa will be created
  + resource "yandex_iam_service_account" "sa" {
      + created_at = (known after apply)
      + folder_id  = (known after apply)
      + id         = (known after apply)
      + name       = "s-stage-account"
    }

  # yandex_resourcemanager_folder.folder1 will be created
  + resource "yandex_resourcemanager_folder" "folder1" {
      + cloud_id    = (sensitive value)
      + created_at  = (known after apply)
      + description = "Diploma workshop"
      + id          = (known after apply)
      + name        = "diplom-stage"
    }

  # yandex_resourcemanager_folder_iam_member.editor will be created
  + resource "yandex_resourcemanager_folder_iam_member" "editor" {
      + folder_id = (known after apply)
      + id        = (known after apply)
      + member    = (known after apply)
      + role      = "editor"
    }

  # yandex_vpc_network.stage-net will be created
  + resource "yandex_vpc_network" "stage-net" {
      + created_at                = (known after apply)
      + default_security_group_id = (known after apply)
      + folder_id                 = (known after apply)
      + id                        = (known after apply)
      + name                      = "stage-network"
      + subnet_ids                = (known after apply)
    }

  # yandex_vpc_subnet.stage-subnet-a will be created
  + resource "yandex_vpc_subnet" "stage-subnet-a" {
      + created_at     = (known after apply)
      + folder_id      = (known after apply)
      + id             = (known after apply)
      + name           = "stage-a"
      + network_id     = (known after apply)
      + v4_cidr_blocks = [
          + "10.0.10.0/24",
        ]
      + v6_cidr_blocks = (known after apply)
      + zone           = "ru-central1-a"
    }

  # yandex_vpc_subnet.stage-subnet-b will be created
  + resource "yandex_vpc_subnet" "stage-subnet-b" {
      + created_at     = (known after apply)
      + folder_id      = (known after apply)
      + id             = (known after apply)
      + name           = "stage-b"
      + network_id     = (known after apply)
      + v4_cidr_blocks = [
          + "10.0.20.0/24",
        ]
      + v6_cidr_blocks = (known after apply)
      + zone           = "ru-central1-b"
    }

  # yandex_vpc_subnet.stage-subnet-c will be created
  + resource "yandex_vpc_subnet" "stage-subnet-c" {
      + created_at     = (known after apply)
      + folder_id      = (known after apply)
      + id             = (known after apply)
      + name           = "stage-c"
      + network_id     = (known after apply)
      + v4_cidr_blocks = [
          + "10.0.30.0/24",
        ]
      + v6_cidr_blocks = (known after apply)
      + zone           = "ru-central1-c"
    }

Plan: 10 to add, 0 to change, 0 to destroy.

Do you want to perform these actions?
  Terraform will perform the actions described above.
  Only 'yes' will be accepted to approve.

  Enter a value: yes

yandex_resourcemanager_folder.folder1: Creating...
yandex_resourcemanager_folder.folder1: Creation complete after 3s [id=b1g3lu04djcqctfc1oj1]
yandex_vpc_network.stage-net: Creating...
yandex_iam_service_account.sa: Creating...
yandex_vpc_network.stage-net: Creation complete after 1s [id=enp9ib5eu6dsj2kd0k6l]
yandex_vpc_subnet.stage-subnet-a: Creating...
yandex_vpc_subnet.stage-subnet-b: Creating...
yandex_vpc_subnet.stage-subnet-c: Creating...
yandex_iam_service_account.sa: Creation complete after 1s [id=ajeid911v1s8cv52em2p]
yandex_resourcemanager_folder_iam_member.editor: Creating...
yandex_vpc_subnet.stage-subnet-c: Creation complete after 1s [id=b0c90k13mth9ul04d02l]
yandex_vpc_subnet.stage-subnet-b: Creation complete after 1s [id=e2loe8cieajukbokgjq0]
yandex_vpc_subnet.stage-subnet-a: Creation complete after 2s [id=e9b23t0bg78qhkl7h42e]
yandex_compute_instance.vpc[1]: Creating...
yandex_compute_instance.vpc[2]: Creating...
yandex_compute_instance.vpc[0]: Creating...
yandex_resourcemanager_folder_iam_member.editor: Creation complete after 3s [id=b1g3lu04djcqctfc1oj1/editor/serviceAccount:ajeid911v1s8cv52em2p]
yandex_compute_instance.vpc[1]: Still creating... [10s elapsed]
yandex_compute_instance.vpc[2]: Still creating... [10s elapsed]
yandex_compute_instance.vpc[0]: Still creating... [10s elapsed]
yandex_compute_instance.vpc[1]: Still creating... [20s elapsed]
yandex_compute_instance.vpc[2]: Still creating... [20s elapsed]
yandex_compute_instance.vpc[0]: Still creating... [20s elapsed]
yandex_compute_instance.vpc[1]: Still creating... [30s elapsed]
yandex_compute_instance.vpc[2]: Still creating... [30s elapsed]
yandex_compute_instance.vpc[0]: Still creating... [30s elapsed]
yandex_compute_instance.vpc[0]: Creation complete after 35s [id=fhmqq8or94hntc350asg]
yandex_compute_instance.vpc[2]: Creation complete after 40s [id=fhmkdhnajtsp0icps2pk]
yandex_compute_instance.vpc[1]: Creation complete after 40s [id=fhmm009na8i6l6m1biea]

Apply complete! Resources: 10 added, 0 changed, 0 destroyed.
